lockfileVersion: '9.0'

settings:
  autoInstallPeers: true
  excludeLinksFromLockfile: false

importers:

  .:
    dependencies:
      hono:
        specifier: ^4.9.4
        version: 4.9.4
      hono-rate-limiter:
        specifier: ^0.4.2
        version: 0.4.2(hono@4.9.4)
      zod:
        specifier: ^4.1.4
        version: 4.1.4
    devDependencies:
      '@types/node':
        specifier: ^24.3.0
        version: 24.3.0
      typescript:
        specifier: ^5.9.2
        version: 5.9.2

packages:

  '@types/node@24.3.0':
    resolution: {integrity: sha512-aPTXCrfwnDLj4VvXrm+UUCQjNEvJgNA8s5F1cvwQU+3KNltTOkBm1j30uNLyqqPNe7gE3KFzImYoZEfLhp4Yow==}

  hono-rate-limiter@0.4.2:
    resolution: {integrity: sha512-AAtFqgADyrmbDijcRTT/HJfwqfvhalya2Zo+MgfdrMPas3zSMD8SU03cv+ZsYwRU1swv7zgVt0shwN059yzhjw==}
    peerDependencies:
      hono: ^4.1.1

  hono@4.9.4:
    resolution: {integrity: sha512-61hl6MF6ojTl/8QSRu5ran6GXt+6zsngIUN95KzF5v5UjiX/xnrLR358BNRawwIRO49JwUqJqQe3Rb2v559R8Q==}
    engines: {node: '>=16.9.0'}

  typescript@5.9.2:
    resolution: {integrity: sha512-CWBzXQrc/qOkhidw1OzBTQuYRbfyxDXJMVJ1XNwUHGROVmuaeiEm3OslpZ1RV96d7SKKjZKrSJu3+t/xlw3R9A==}
    engines: {node: '>=14.17'}
    hasBin: true

  undici-types@7.10.0:
    resolution: {integrity: sha512-t5Fy/nfn+14LuOc2KNYg75vZqClpAiqscVvMygNnlsHBFpSXdJaYtXMcdNLpl/Qvc3P2cB3s6lOV51nqsFq4ag==}

  zod@4.1.4:
    resolution: {integrity: sha512-2YqJuWkU6IIK9qcE4k1lLLhyZ6zFw7XVRdQGpV97jEIZwTrscUw+DY31Xczd8nwaoksyJUIxCojZXwckJovWxA==}

snapshots:

  '@types/node@24.3.0':
    dependencies:
      undici-types: 7.10.0

  hono-rate-limiter@0.4.2(hono@4.9.4):
    dependencies:
      hono: 4.9.4

  hono@4.9.4: {}

  typescript@5.9.2: {}

  undici-types@7.10.0: {}

  zod@4.1.4: {}
